
Microsoft Visual Studio Solution File, Format Version 12.00
Project("{FAE04EC0-301F-11D3-BF4B-00C04F79EFBC}") = "Task2", "Task2\Task2.csproj", "{8F57CD4F-131A-485A-B96F-16660A921365}"
EndProject
Project("{FAE04EC0-301F-11D3-BF4B-00C04F79EFBC}") = "Task3", "Task3\Task3.csproj", "{154F810E-C602-4112-9832-D65C69986F22}"
EndProject
Project("{FAE04EC0-301F-11D3-BF4B-00C04F79EFBC}") = "Task4", "Task4\Task4.csproj", "{6839B697-2E46-4E8F-B326-36814338CBED}"
EndProject
Global
	GlobalSection(SolutionConfigurationPlatforms) = preSolution
		Debug|Any CPU = Debug|Any CPU
		Release|Any CPU = Release|Any CPU
	EndGlobalSection
	GlobalSection(ProjectConfigurationPlatforms) = postSolution
		{8F57CD4F-131A-485A-B96F-16660A921365}.Debug|Any CPU.ActiveCfg = Debug|Any CPU
		{8F57CD4F-131A-485A-B96F-16660A921365}.Debug|Any CPU.Build.0 = Debug|Any CPU
		{8F57CD4F-131A-485A-B96F-16660A921365}.Release|Any CPU.ActiveCfg = Release|Any CPU
		{8F57CD4F-131A-485A-B96F-16660A921365}.Release|Any CPU.Build.0 = Release|Any CPU
		{154F810E-C602-4112-9832-D65C69986F22}.Debug|Any CPU.ActiveCfg = Debug|Any CPU
		{154F810E-C602-4112-9832-D65C69986F22}.Debug|Any CPU.Build.0 = Debug|Any CPU
		{154F810E-C602-4112-9832-D65C69986F22}.Release|Any CPU.ActiveCfg = Release|Any CPU
		{154F810E-C602-4112-9832-D65C69986F22}.Release|Any CPU.Build.0 = Release|Any CPU
		{6839B697-2E46-4E8F-B326-36814338CBED}.Debug|Any CPU.ActiveCfg = Debug|Any CPU
		{6839B697-2E46-4E8F-B326-36814338CBED}.Debug|Any CPU.Build.0 = Debug|Any CPU
		{6839B697-2E46-4E8F-B326-36814338CBED}.Release|Any CPU.ActiveCfg = Release|Any CPU
		{6839B697-2E46-4E8F-B326-36814338CBED}.Release|Any CPU.Build.0 = Release|Any CPU
	EndGlobalSection
EndGlobal
